// !$*UTF8*$!
{
	archiveVersion = 1;
	classes = {
	};
	objectVersion = 77;
	objects = {

/* Begin PBXBuildFile section */
		B63D6E692EB231BB00299BF7 /* Preview Assets.xcassets in Resources */ = {isa = PBXBuildFile; fileRef = B63D6E632EB231BB00299BF7 /* Preview Assets.xcassets */; };
		B63D6E6A2EB231BB00299BF7 /* Assets.xcassets in Resources */ = {isa = PBXBuildFile; fileRef = B63D6E652EB231BB00299BF7 /* Assets.xcassets */; };
		B63D6E6B2EB231BB00299BF7 /* FilmListView.swift in Sources */ = {isa = PBXBuildFile; fileRef = B63D6E662EB231BB00299BF7 /* FilmListView.swift */; };
		B63D6E6C2EB231BB00299BF7 /* FilmKitabiApp.swift in Sources */ = {isa = PBXBuildFile; fileRef = B63D6E672EB231BB00299BF7 /* FilmKitabiApp.swift */; };
		B63D6E722EB2328700299BF7 /* Film.swift in Sources */ = {isa = PBXBuildFile; fileRef = B63D6E712EB2328700299BF7 /* Film.swift */; };
		B63D6E752EB2372C00299BF7 /* Downloader.swift in Sources */ = {isa = PBXBuildFile; fileRef = B63D6E742EB2372C00299BF7 /* Downloader.swift */; };
		B63D6E772EB2805200299BF7 /* FilmViewModel.swift in Sources */ = {isa = PBXBuildFile; fileRef = B63D6E762EB2805200299BF7 /* FilmViewModel.swift */; };
		B63D6E792EB76C9900299BF7 /* ImageDownloader.swift in Sources */ = {isa = PBXBuildFile; fileRef = B63D6E782EB76C9900299BF7 /* ImageDownloader.swift */; };
		B63D6E7B2EB76EE100299BF7 /* OzelImage.swift in Sources */ = {isa = PBXBuildFile; fileRef = B63D6E7A2EB76EE100299BF7 /* OzelImage.swift */; };
		B63D6E7D2EB77D7900299BF7 /* FilmDetay.swift in Sources */ = {isa = PBXBuildFile; fileRef = B63D6E7C2EB77D7900299BF7 /* FilmDetay.swift */; };
		B63D6E7F2EB783A300299BF7 /* FilmDetayViewModel.swift in Sources */ = {isa = PBXBuildFile; fileRef = B63D6E7E2EB783A300299BF7 /* FilmDetayViewModel.swift */; };
		B63D6E812EB786D000299BF7 /* DetayView.swift in Sources */ = {isa = PBXBuildFile; fileRef = B63D6E802EB786D000299BF7 /* DetayView.swift */; };
/* End PBXBuildFile section */

/* Begin PBXFileReference section */
		B63D6E522EB227B000299BF7 /* FilmKitabi.app */ = {isa = PBXFileReference; explicitFileType = wrapper.application; includeInIndex = 0; path = FilmKitabi.app; sourceTree = BUILT_PRODUCTS_DIR; };
		B63D6E632EB231BB00299BF7 /* Preview Assets.xcassets */ = {isa = PBXFileReference; lastKnownFileType = folder.assetcatalog; path = "Preview Assets.xcassets"; sourceTree = "<group>"; };
		B63D6E652EB231BB00299BF7 /* Assets.xcassets */ = {isa = PBXFileReference; lastKnownFileType = folder.assetcatalog; path = Assets.xcassets; sourceTree = "<group>"; };
		B63D6E662EB231BB00299BF7 /* FilmListView.swift */ = {isa = PBXFileReference; lastKnownFileType = sourcecode.swift; path = FilmListView.swift; sourceTree = "<group>"; };
		B63D6E672EB231BB00299BF7 /* FilmKitabiApp.swift */ = {isa = PBXFileReference; lastKnownFileType = sourcecode.swift; path = FilmKitabiApp.swift; sourceTree = "<group>"; };
		B63D6E712EB2328700299BF7 /* Film.swift */ = {isa = PBXFileReference; lastKnownFileType = sourcecode.swift; path = Film.swift; sourceTree = "<group>"; };
		B63D6E742EB2372C00299BF7 /* Downloader.swift */ = {isa = PBXFileReference; lastKnownFileType = sourcecode.swift; path = Downloader.swift; sourceTree = "<group>"; };
		B63D6E762EB2805200299BF7 /* FilmViewModel.swift */ = {isa = PBXFileReference; lastKnownFileType = sourcecode.swift; path = FilmViewModel.swift; sourceTree = "<group>"; };
		B63D6E782EB76C9900299BF7 /* ImageDownloader.swift */ = {isa = PBXFileReference; lastKnownFileType = sourcecode.swift; path = ImageDownloader.swift; sourceTree = "<group>"; };
		B63D6E7A2EB76EE100299BF7 /* OzelImage.swift */ = {isa = PBXFileReference; lastKnownFileType = sourcecode.swift; path = OzelImage.swift; sourceTree = "<group>"; };
		B63D6E7C2EB77D7900299BF7 /* FilmDetay.swift */ = {isa = PBXFileReference; lastKnownFileType = sourcecode.swift; path = FilmDetay.swift; sourceTree = "<group>"; };
		B63D6E7E2EB783A300299BF7 /* FilmDetayViewModel.swift */ = {isa = PBXFileReference; lastKnownFileType = sourcecode.swift; path = FilmDetayViewModel.swift; sourceTree = "<group>"; };
		B63D6E802EB786D000299BF7 /* DetayView.swift */ = {isa = PBXFileReference; lastKnownFileType = sourcecode.swift; path = DetayView.swift; sourceTree = "<group>"; };
/* End PBXFileReference section */

/* Begin PBXFrameworksBuildPhase section */
		B63D6E4F2EB227B000299BF7 /* Frameworks */ = {
			isa = PBXFrameworksBuildPhase;
			buildActionMask = 2147483647;
			files = (
			);
			runOnlyForDeploymentPostprocessing = 0;
		};
/* End PBXFrameworksBuildPhase section */

/* Begin PBXGroup section */
		B63D6E492EB227B000299BF7 = {
			isa = PBXGroup;
			children = (
				B63D6E682EB231BB00299BF7 /* FilmKitabi */,
				B63D6E532EB227B000299BF7 /* Products */,
			);
			sourceTree = "<group>";
		};
		B63D6E532EB227B000299BF7 /* Products */ = {
			isa = PBXGroup;
			children = (
				B63D6E522EB227B000299BF7 /* FilmKitabi.app */,
			);
			name = Products;
			sourceTree = "<group>";
		};
		B63D6E642EB231BB00299BF7 /* Preview Content */ = {
			isa = PBXGroup;
			children = (
				B63D6E632EB231BB00299BF7 /* Preview Assets.xcassets */,
			);
			path = "Preview Content";
			sourceTree = "<group>";
		};
		B63D6E682EB231BB00299BF7 /* FilmKitabi */ = {
			isa = PBXGroup;
			children = (
				B63D6E732EB236BF00299BF7 /* Service */,
				B63D6E702EB2324200299BF7 /* App */,
				B63D6E6F2EB2323300299BF7 /* View */,
				B63D6E6E2EB2322C00299BF7 /* ViewModel */,
				B63D6E6D2EB2320500299BF7 /* Model */,
				B63D6E642EB231BB00299BF7 /* Preview Content */,
				B63D6E652EB231BB00299BF7 /* Assets.xcassets */,
			);
			path = FilmKitabi;
			sourceTree = "<group>";
		};
		B63D6E6D2EB2320500299BF7 /* Model */ = {
			isa = PBXGroup;
			children = (
				B63D6E712EB2328700299BF7 /* Film.swift */,
				B63D6E7C2EB77D7900299BF7 /* FilmDetay.swift */,
			);
			path = Model;
			sourceTree = "<group>";
		};
		B63D6E6E2EB2322C00299BF7 /* ViewModel */ = {
			isa = PBXGroup;
			children = (
				B63D6E762EB2805200299BF7 /* FilmViewModel.swift */,
				B63D6E7E2EB783A300299BF7 /* FilmDetayViewModel.swift */,
			);
			path = ViewModel;
			sourceTree = "<group>";
		};
		B63D6E6F2EB2323300299BF7 /* View */ = {
			isa = PBXGroup;
			children = (
				B63D6E662EB231BB00299BF7 /* FilmListView.swift */,
				B63D6E7A2EB76EE100299BF7 /* OzelImage.swift */,
				B63D6E802EB786D000299BF7 /* DetayView.swift */,
			);
			path = View;
			sourceTree = "<group>";
		};
		B63D6E702EB2324200299BF7 /* App */ = {
			isa = PBXGroup;
			children = (
				B63D6E672EB231BB00299BF7 /* FilmKitabiApp.swift */,
			);
			path = App;
			sourceTree = "<group>";
		};
		B63D6E732EB236BF00299BF7 /* Service */ = {
			isa = PBXGroup;
			children = (
				B63D6E742EB2372C00299BF7 /* Downloader.swift */,
				B63D6E782EB76C9900299BF7 /* ImageDownloader.swift */,
			);
			path = Service;
			sourceTree = "<group>";
		};
/* End PBXGroup section */

/* Begin PBXNativeTarget section */
		B63D6E512EB227B000299BF7 /* FilmKitabi */ = {
			isa = PBXNativeTarget;
			buildConfigurationList = B63D6E602EB227B200299BF7 /* Build configuration list for PBXNativeTarget "FilmKitabi" */;
			buildPhases = (
				B63D6E4E2EB227B000299BF7 /* Sources */,
				B63D6E4F2EB227B000299BF7 /* Frameworks */,
				B63D6E502EB227B000299BF7 /* Resources */,
			);
			buildRules = (
			);
			dependencies = (
			);
			name = FilmKitabi;
			packageProductDependencies = (
			);
			productName = FilmKitabi;
			productReference = B63D6E522EB227B000299BF7 /* FilmKitabi.app */;
			productType = "com.apple.product-type.application";
		};
/* End PBXNativeTarget section */

/* Begin PBXProject section */
		B63D6E4A2EB227B000299BF7 /* Project object */ = {
			isa = PBXProject;
			attributes = {
				BuildIndependentTargetsInParallel = 1;
				LastSwiftUpdateCheck = 1620;
				LastUpgradeCheck = 1620;
				TargetAttributes = {
					B63D6E512EB227B000299BF7 = {
						CreatedOnToolsVersion = 16.2;
					};
				};
			};
			buildConfigurationList = B63D6E4D2EB227B000299BF7 /* Build configuration list for PBXProject "FilmKitabi" */;
			developmentRegion = en;
			hasScannedForEncodings = 0;
			knownRegions = (
				en,
				Base,
			);
			mainGroup = B63D6E492EB227B000299BF7;
			minimizedProjectReferenceProxies = 1;
			preferredProjectObjectVersion = 77;
			productRefGroup = B63D6E532EB227B000299BF7 /* Products */;
			projectDirPath = "";
			projectRoot = "";
			targets = (
				B63D6E512EB227B000299BF7 /* FilmKitabi */,
			);
		};
/* End PBXProject section */

/* Begin PBXResourcesBuildPhase section */
		B63D6E502EB227B000299BF7 /* Resources */ = {
			isa = PBXResourcesBuildPhase;
			buildActionMask = 2147483647;
			files = (
				B63D6E692EB231BB00299BF7 /* Preview Assets.xcassets in Resources */,
				B63D6E6A2EB231BB00299BF7 /* Assets.xcassets in Resources */,
			);
			runOnlyForDeploymentPostprocessing = 0;
		};
/* End PBXResourcesBuildPhase section */

/* Begin PBXSourcesBuildPhase section */
		B63D6E4E2EB227B000299BF7 /* Sources */ = {
			isa = PBXSourcesBuildPhase;
			buildActionMask = 2147483647;
			files = (
				B63D6E812EB786D000299BF7 /* DetayView.swift in Sources */,
				B63D6E6B2EB231BB00299BF7 /* FilmListView.swift in Sources */,
				B63D6E7D2EB77D7900299BF7 /* FilmDetay.swift in Sources */,
				B63D6E722EB2328700299BF7 /* Film.swift in Sources */,
				B63D6E7B2EB76EE100299BF7 /* OzelImage.swift in Sources */,
				B63D6E752EB2372C00299BF7 /* Downloader.swift in Sources */,
				B63D6E6C2EB231BB00299BF7 /* FilmKitabiApp.swift in Sources */,
				B63D6E792EB76C9900299BF7 /* ImageDownloader.swift in Sources */,
				B63D6E7F2EB783A300299BF7 /* FilmDetayViewModel.swift in Sources */,
				B63D6E772EB2805200299BF7 /* FilmViewModel.swift in Sources */,
			);
			runOnlyForDeploymentPostprocessing = 0;
		};
/* End PBXSourcesBuildPhase section */

/* Begin XCBuildConfiguration section */
		B63D6E5E2EB227B200299BF7 /* Debug */ = {
			isa = XCBuildConfiguration;
			buildSettings = {
				ALWAYS_SEARCH_USER_PATHS = NO;
				ASSETCATALOG_COMPILER_GENERATE_SWIFT_ASSET_SYMBOL_EXTENSIONS = YES;
				CLANG_ANALYZER_NONNULL = YES;
				CLANG_ANALYZER_NUMBER_OBJECT_CONVERSION = YES_AGGRESSIVE;
				CLANG_CXX_LANGUAGE_STANDARD = "gnu++20";
				CLANG_ENABLE_MODULES = YES;
				CLANG_ENABLE_OBJC_ARC = YES;
				CLANG_ENABLE_OBJC_WEAK = YES;
				CLANG_WARN_BLOCK_CAPTURE_AUTORELEASING = YES;
				CLANG_WARN_BOOL_CONVERSION = YES;
				CLANG_WARN_COMMA = YES;
				CLANG_WARN_CONSTANT_CONVERSION = YES;
				CLANG_WARN_DEPRECATED_OBJC_IMPLEMENTATIONS = YES;
				CLANG_WARN_DIRECT_OBJC_ISA_USAGE = YES_ERROR;
				CLANG_WARN_DOCUMENTATION_COMMENTS = YES;
				CLANG_WARN_EMPTY_BODY = YES;
				CLANG_WARN_ENUM_CONVERSION = YES;
				CLANG_WARN_INFINITE_RECURSION = YES;
				CLANG_WARN_INT_CONVERSION = YES;
				CLANG_WARN_NON_LITERAL_NULL_CONVERSION = YES;
				CLANG_WARN_OBJC_IMPLICIT_RETAIN_SELF = YES;
				CLANG_WARN_OBJC_LITERAL_CONVERSION = YES;
				CLANG_WARN_OBJC_ROOT_CLASS = YES_ERROR;
				CLANG_WARN_QUOTED_INCLUDE_IN_FRAMEWORK_HEADER = YES;
				CLANG_WARN_RANGE_LOOP_ANALYSIS = YES;
				CLANG_WARN_STRICT_PROTOTYPES = YES;
				CLANG_WARN_SUSPICIOUS_MOVE = YES;
				CLANG_WARN_UNGUARDED_AVAILABILITY = YES_AGGRESSIVE;
				CLANG_WARN_UNREACHABLE_CODE = YES;
				CLANG_WARN__DUPLICATE_METHOD_MATCH = YES;
				COPY_PHASE_STRIP = NO;
				DEBUG_INFORMATION_FORMAT = dwarf;
				ENABLE_STRICT_OBJC_MSGSEND = YES;
				ENABLE_TESTABILITY = YES;
				ENABLE_USER_SCRIPT_SANDBOXING = YES;
				GCC_C_LANGUAGE_STANDARD = gnu17;
				GCC_DYNAMIC_NO_PIC = NO;
				GCC_NO_COMMON_BLOCKS = YES;
				GCC_OPTIMIZATION_LEVEL = 0;
				GCC_PREPROCESSOR_DEFINITIONS = (
					"DEBUG=1",
					"$(inherited)",
				);
				GCC_WARN_64_TO_32_BIT_CONVERSION = YES;
				GCC_WARN_ABOUT_RETURN_TYPE = YES_ERROR;
				GCC_WARN_UNDECLARED_SELECTOR = YES;
				GCC_WARN_UNINITIALIZED_AUTOS = YES_AGGRESSIVE;
				GCC_WARN_UNUSED_FUNCTION = YES;
				GCC_WARN_UNUSED_VARIABLE = YES;
				IPHONEOS_DEPLOYMENT_TARGET = 18.2;
				LOCALIZATION_PREFERS_STRING_CATALOGS = YES;
				MTL_ENABLE_DEBUG_INFO = INCLUDE_SOURCE;
				MTL_FAST_MATH = YES;
				ONLY_ACTIVE_ARCH = YES;
				SDKROOT = iphoneos;
				SWIFT_ACTIVE_COMPILATION_CONDITIONS = "DEBUG $(inherited)";
				SWIFT_OPTIMIZATION_LEVEL = "-Onone";
			};
			name = Debug;
		};
		B63D6E5F2EB227B200299BF7 /* Release */ = {
			isa = XCBuildConfiguration;
			buildSettings = {
				ALWAYS_SEARCH_USER_PATHS = NO;
				ASSETCATALOG_COMPILER_GENERATE_SWIFT_ASSET_SYMBOL_EXTENSIONS = YES;
				CLANG_ANALYZER_NONNULL = YES;
				CLANG_ANALYZER_NUMBER_OBJECT_CONVERSION = YES_AGGRESSIVE;
				CLANG_CXX_LANGUAGE_STANDARD = "gnu++20";
				CLANG_ENABLE_MODULES = YES;
				CLANG_ENABLE_OBJC_ARC = YES;
				CLANG_ENABLE_OBJC_WEAK = YES;
				CLANG_WARN_BLOCK_CAPTURE_AUTORELEASING = YES;
				CLANG_WARN_BOOL_CONVERSION = YES;
				CLANG_WARN_COMMA = YES;
				CLANG_WARN_CONSTANT_CONVERSION = YES;
				CLANG_WARN_DEPRECATED_OBJC_IMPLEMENTATIONS = YES;
				CLANG_WARN_DIRECT_OBJC_ISA_USAGE = YES_ERROR;
				CLANG_WARN_DOCUMENTATION_COMMENTS = YES;
				CLANG_WARN_EMPTY_BODY = YES;
				CLANG_WARN_ENUM_CONVERSION = YES;
				CLANG_WARN_INFINITE_RECURSION = YES;
				CLANG_WARN_INT_CONVERSION = YES;
				CLANG_WARN_NON_LITERAL_NULL_CONVERSION = YES;
				CLANG_WARN_OBJC_IMPLICIT_RETAIN_SELF = YES;
				CLANG_WARN_OBJC_LITERAL_CONVERSION = YES;
				CLANG_WARN_OBJC_ROOT_CLASS = YES_ERROR;
				CLANG_WARN_QUOTED_INCLUDE_IN_FRAMEWORK_HEADER = YES;
				CLANG_WARN_RANGE_LOOP_ANALYSIS = YES;
				CLANG_WARN_STRICT_PROTOTYPES = YES;
				CLANG_WARN_SUSPICIOUS_MOVE = YES;
				CLANG_WARN_UNGUARDED_AVAILABILITY = YES_AGGRESSIVE;
				CLANG_WARN_UNREACHABLE_CODE = YES;
				CLANG_WARN__DUPLICATE_METHOD_MATCH = YES;
				COPY_PHASE_STRIP = NO;
				DEBUG_INFORMATION_FORMAT = "dwarf-with-dsym";
				ENABLE_NS_ASSERTIONS = NO;
				ENABLE_STRICT_OBJC_MSGSEND = YES;
				ENABLE_USER_SCRIPT_SANDBOXING = YES;
				GCC_C_LANGUAGE_STANDARD = gnu17;
				GCC_NO_COMMON_BLOCKS = YES;
				GCC_WARN_64_TO_32_BIT_CONVERSION = YES;
				GCC_WARN_ABOUT_RETURN_TYPE = YES_ERROR;
				GCC_WARN_UNDECLARED_SELECTOR = YES;
				GCC_WARN_UNINITIALIZED_AUTOS = YES_AGGRESSIVE;
				GCC_WARN_UNUSED_FUNCTION = YES;
				GCC_WARN_UNUSED_VARIABLE = YES;
				IPHONEOS_DEPLOYMENT_TARGET = 18.2;
				LOCALIZATION_PREFERS_STRING_CATALOGS = YES;
				MTL_ENABLE_DEBUG_INFO = NO;
				MTL_FAST_MATH = YES;
				SDKROOT = iphoneos;
				SWIFT_COMPILATION_MODE = wholemodule;
				VALIDATE_PRODUCT = YES;
			};
			name = Release;
		};
		B63D6E612EB227B200299BF7 /* Debug */ = {
			isa = XCBuildConfiguration;
			buildSettings = {
				ASSETCATALOG_COMPILER_APPICON_NAME = AppIcon;
				ASSETCATALOG_COMPILER_GLOBAL_ACCENT_COLOR_NAME = AccentColor;
				CODE_SIGN_STYLE = Automatic;
				CURRENT_PROJECT_VERSION = 1;
				DEVELOPMENT_ASSET_PATHS = "\"FilmKitabi/Preview Content\"";
				DEVELOPMENT_TEAM = U6FP25D3TD;
				ENABLE_PREVIEWS = YES;
				GENERATE_INFOPLIST_FILE = YES;
				INFOPLIST_KEY_UIApplicationSceneManifest_Generation = YES;
				INFOPLIST_KEY_UIApplicationSupportsIndirectInputEvents = YES;
				INFOPLIST_KEY_UILaunchScreen_Generation = YES;
				INFOPLIST_KEY_UISupportedInterfaceOrientations_iPad = "UIInterfaceOrientationPortrait UIInterfaceOrientationPortraitUpsideDown UIInterfaceOrientationLandscapeLeft UIInterfaceOrientationLandscapeRight";
				INFOPLIST_KEY_UISupportedInterfaceOrientations_iPhone = "UIInterfaceOrientationPortrait UIInterfaceOrientationLandscapeLeft UIInterfaceOrientationLandscapeRight";
				LD_RUNPATH_SEARCH_PATHS = (
					"$(inherited)",
					"@executable_path/Frameworks",
				);
				MARKETING_VERSION = 1.0;
				PRODUCT_BUNDLE_IDENTIFIER = com.muge.FilmKitabi;
				PRODUCT_NAME = "$(TARGET_NAME)";
				SWIFT_EMIT_LOC_STRINGS = YES;
				SWIFT_VERSION = 5.0;
				TARGETED_DEVICE_FAMILY = "1,2";
			};
			name = Debug;
		};
		B63D6E622EB227B200299BF7 /* Release */ = {
			isa = XCBuildConfiguration;
			buildSettings = {
				ASSETCATALOG_COMPILER_APPICON_NAME = AppIcon;
				ASSETCATALOG_COMPILER_GLOBAL_ACCENT_COLOR_NAME = AccentColor;
				CODE_SIGN_STYLE = Automatic;
				CURRENT_PROJECT_VERSION = 1;
				DEVELOPMENT_ASSET_PATHS = "\"FilmKitabi/Preview Content\"";
				DEVELOPMENT_TEAM = U6FP25D3TD;
				ENABLE_PREVIEWS = YES;
				GENERATE_INFOPLIST_FILE = YES;
				INFOPLIST_KEY_UIApplicationSceneManifest_Generation = YES;
				INFOPLIST_KEY_UIApplicationSupportsIndirectInputEvents = YES;
				INFOPLIST_KEY_UILaunchScreen_Generation = YES;
				INFOPLIST_KEY_UISupportedInterfaceOrientations_iPad = "UIInterfaceOrientationPortrait UIInterfaceOrientationPortraitUpsideDown UIInterfaceOrientationLandscapeLeft UIInterfaceOrientationLandscapeRight";
				INFOPLIST_KEY_UISupportedInterfaceOrientations_iPhone = "UIInterfaceOrientationPortrait UIInterfaceOrientationLandscapeLeft UIInterfaceOrientationLandscapeRight";
				LD_RUNPATH_SEARCH_PATHS = (
					"$(inherited)",
					"@executable_path/Frameworks",
				);
				MARKETING_VERSION = 1.0;
				PRODUCT_BUNDLE_IDENTIFIER = com.muge.FilmKitabi;
				PRODUCT_NAME = "$(TARGET_NAME)";
				SWIFT_EMIT_LOC_STRINGS = YES;
				SWIFT_VERSION = 5.0;
				TARGETED_DEVICE_FAMILY = "1,2";
			};
			name = Release;
		};
/* End XCBuildConfiguration section */

/* Begin XCConfigurationList section */
		B63D6E4D2EB227B000299BF7 /* Build configuration list for PBXProject "FilmKitabi" */ = {
			isa = XCConfigurationList;
			buildConfigurations = (
				B63D6E5E2EB227B200299BF7 /* Debug */,
				B63D6E5F2EB227B200299BF7 /* Release */,
			);
			defaultConfigurationIsVisible = 0;
			defaultConfigurationName = Release;
		};
		B63D6E602EB227B200299BF7 /* Build configuration list for PBXNativeTarget "FilmKitabi" */ = {
			isa = XCConfigurationList;
			buildConfigurations = (
				B63D6E612EB227B200299BF7 /* Debug */,
				B63D6E622EB227B200299BF7 /* Release */,
			);
			defaultConfigurationIsVisible = 0;
			defaultConfigurationName = Release;
		};
/* End XCConfigurationList section */
	};
	rootObject = B63D6E4A2EB227B000299BF7 /* Project object */;
}
